// !$*UTF8*$!
{
	archiveVersion = 1;
	classes = {
	};
	objectVersion = 48;
	objects = {

/* Begin PBXBuildFile section */
		BA00DB6C20D867B2008635FE /* Verbs.storyboard in Resources */ = {isa = PBXBuildFile; fileRef = BA00DB6B20D867B2008635FE /* Verbs.storyboard */; };
		BA00DB6E20D867BB008635FE /* Nouns.storyboard in Resources */ = {isa = PBXBuildFile; fileRef = BA00DB6D20D867BB008635FE /* Nouns.storyboard */; };
		BA00DB7020D867CA008635FE /* NounQuizViewController.swift in Sources */ = {isa = PBXBuildFile; fileRef = BA00DB6F20D867CA008635FE /* NounQuizViewController.swift */; };
		BA00DB7220D867DA008635FE /* VerbQuizViewController.swift in Sources */ = {isa = PBXBuildFile; fileRef = BA00DB7120D867DA008635FE /* VerbQuizViewController.swift */; };
		BA09CD6921449F2A008C7E60 /* Verbs.swift in Sources */ = {isa = PBXBuildFile; fileRef = BA09CD6821449F2A008C7E60 /* Verbs.swift */; };
		BA12777420ED9D0300D11B77 /* Nouns.swift in Sources */ = {isa = PBXBuildFile; fileRef = BA12777320ED9D0300D11B77 /* Nouns.swift */; };
		BA22CFC7208E46AF009FF14F /* managedData.swift in Sources */ = {isa = PBXBuildFile; fileRef = BA22CFC6208E46AF009FF14F /* managedData.swift */; };
		BA3C6F9620F44145003C248E /* AddNounViewController.swift in Sources */ = {isa = PBXBuildFile; fileRef = BA3C6F9520F44145003C248E /* AddNounViewController.swift */; };
		BA3E7E211FE46C2700C606AC /* AppDelegate.swift in Sources */ = {isa = PBXBuildFile; fileRef = BA3E7E201FE46C2700C606AC /* AppDelegate.swift */; };
		BA3E7E261FE46C2700C606AC /* Phrases.storyboard in Resources */ = {isa = PBXBuildFile; fileRef = BA3E7E241FE46C2700C606AC /* Phrases.storyboard */; };
		BA3E7E2B1FE46C2700C606AC /* Assets.xcassets in Resources */ = {isa = PBXBuildFile; fileRef = BA3E7E2A1FE46C2700C606AC /* Assets.xcassets */; };
		BA3E7E391FE46C2800C606AC /* FrenchQuizAppTests.swift in Sources */ = {isa = PBXBuildFile; fileRef = BA3E7E381FE46C2800C606AC /* FrenchQuizAppTests.swift */; };
		BA3E7E441FE46C2800C606AC /* FrenchQuizAppUITests.swift in Sources */ = {isa = PBXBuildFile; fileRef = BA3E7E431FE46C2800C606AC /* FrenchQuizAppUITests.swift */; };
		BA3E7E551FE46CFA00C606AC /* Phrase.swift in Sources */ = {isa = PBXBuildFile; fileRef = BA3E7E541FE46CFA00C606AC /* Phrase.swift */; };
		BA3E7E571FE46D0200C606AC /* PhraseQuizViewController.swift in Sources */ = {isa = PBXBuildFile; fileRef = BA3E7E561FE46D0200C606AC /* PhraseQuizViewController.swift */; };
		BA3E7E5B1FE46D0E00C606AC /* AddPhraseViewController.swift in Sources */ = {isa = PBXBuildFile; fileRef = BA3E7E5A1FE46D0E00C606AC /* AddPhraseViewController.swift */; };
		BA3E7E601FE476D300C606AC /* FrenchQuizApp.xcdatamodeld in Sources */ = {isa = PBXBuildFile; fileRef = BA3E7E5E1FE476D300C606AC /* FrenchQuizApp.xcdatamodeld */; };
		BA603E1C200415DC00A97490 /* PhraseEditViewController.swift in Sources */ = {isa = PBXBuildFile; fileRef = BA603E1B200415DC00A97490 /* PhraseEditViewController.swift */; };
		BA7663AC20D7034700D2D6B0 /* Intro.storyboard in Resources */ = {isa = PBXBuildFile; fileRef = BA7663AB20D7034700D2D6B0 /* Intro.storyboard */; };
		BA8B4DC2213F382100AFFFD9 /* AddVerbViewController.swift in Sources */ = {isa = PBXBuildFile; fileRef = BA8B4DC1213F382100AFFFD9 /* AddVerbViewController.swift */; };
		BA8B4DC4213F383800AFFFD9 /* VerbEditViewController.swift in Sources */ = {isa = PBXBuildFile; fileRef = BA8B4DC3213F383800AFFFD9 /* VerbEditViewController.swift */; };
		BA8B4DC6213F383E00AFFFD9 /* VerbCell.swift in Sources */ = {isa = PBXBuildFile; fileRef = BA8B4DC5213F383E00AFFFD9 /* VerbCell.swift */; };
		BA96465A20AA270400BE33E1 /* PhraseCell.swift in Sources */ = {isa = PBXBuildFile; fileRef = BA96465920AA270400BE33E1 /* PhraseCell.swift */; };
		BA9F7F1F213DDECB00AB5B54 /* NounCell.swift in Sources */ = {isa = PBXBuildFile; fileRef = BA9F7F1E213DDECB00AB5B54 /* NounCell.swift */; };
		BA9F7F21213DE0ED00AB5B54 /* NounEditViewController.swift in Sources */ = {isa = PBXBuildFile; fileRef = BA9F7F20213DE0ED00AB5B54 /* NounEditViewController.swift */; };
		BAADADC220A520CB00F96018 /* QuizObject.swift in Sources */ = {isa = PBXBuildFile; fileRef = BAADADC120A520CB00F96018 /* QuizObject.swift */; };
		BAD2E1A420D889A3003EDF78 /* PhraseTabBarController.swift in Sources */ = {isa = PBXBuildFile; fileRef = BAD2E1A320D889A3003EDF78 /* PhraseTabBarController.swift */; };
		BAF69CA220C852C600A92DF6 /* StartNavigationViewController.swift in Sources */ = {isa = PBXBuildFile; fileRef = BAF69CA120C852C600A92DF6 /* StartNavigationViewController.swift */; };
/* End PBXBuildFile section */

/* Begin PBXContainerItemProxy section */
		BA3E7E351FE46C2800C606AC /* PBXContainerItemProxy */ = {
			isa = PBXContainerItemProxy;
			containerPortal = BA3E7E151FE46C2700C606AC /* Project object */;
			proxyType = 1;
			remoteGlobalIDString = BA3E7E1C1FE46C2700C606AC;
			remoteInfo = FrenchQuizApp;
		};
		BA3E7E401FE46C2800C606AC /* PBXContainerItemProxy */ = {
			isa = PBXContainerItemProxy;
			containerPortal = BA3E7E151FE46C2700C606AC /* Project object */;
			proxyType = 1;
			remoteGlobalIDString = BA3E7E1C1FE46C2700C606AC;
			remoteInfo = FrenchQuizApp;
		};
/* End PBXContainerItemProxy section */

/* Begin PBXFileReference section */
		BA00DB6B20D867B2008635FE /* Verbs.storyboard */ = {isa = PBXFileReference; lastKnownFileType = file.storyboard; path = Verbs.storyboard; sourceTree = "<group>"; };
		BA00DB6D20D867BB008635FE /* Nouns.storyboard */ = {isa = PBXFileReference; lastKnownFileType = file.storyboard; path = Nouns.storyboard; sourceTree = "<group>"; };
		BA00DB6F20D867CA008635FE /* NounQuizViewController.swift */ = {isa = PBXFileReference; lastKnownFileType = sourcecode.swift; path = NounQuizViewController.swift; sourceTree = "<group>"; };
		BA00DB7120D867DA008635FE /* VerbQuizViewController.swift */ = {isa = PBXFileReference; lastKnownFileType = sourcecode.swift; path = VerbQuizViewController.swift; sourceTree = "<group>"; };
		BA09CD6821449F2A008C7E60 /* Verbs.swift */ = {isa = PBXFileReference; lastKnownFileType = sourcecode.swift; path = Verbs.swift; sourceTree = "<group>"; };
		BA12777320ED9D0300D11B77 /* Nouns.swift */ = {isa = PBXFileReference; lastKnownFileType = sourcecode.swift; path = Nouns.swift; sourceTree = "<group>"; };
		BA22CFC6208E46AF009FF14F /* managedData.swift */ = {isa = PBXFileReference; lastKnownFileType = sourcecode.swift; path = managedData.swift; sourceTree = "<group>"; };
		BA3C6F9520F44145003C248E /* AddNounViewController.swift */ = {isa = PBXFileReference; lastKnownFileType = sourcecode.swift; path = AddNounViewController.swift; sourceTree = "<group>"; };
		BA3E7E1D1FE46C2700C606AC /* FrenchQuizApp.app */ = {isa = PBXFileReference; explicitFileType = wrapper.application; includeInIndex = 0; path = FrenchQuizApp.app; sourceTree = BUILT_PRODUCTS_DIR; };
		BA3E7E201FE46C2700C606AC /* AppDelegate.swift */ = {isa = PBXFileReference; lastKnownFileType = sourcecode.swift; path = AppDelegate.swift; sourceTree = "<group>"; };
		BA3E7E251FE46C2700C606AC /* Base */ = {isa = PBXFileReference; lastKnownFileType = file.storyboard; name = Base; path = Base.lproj/Phrases.storyboard; sourceTree = "<group>"; };
		BA3E7E2A1FE46C2700C606AC /* Assets.xcassets */ = {isa = PBXFileReference; lastKnownFileType = folder.assetcatalog; path = Assets.xcassets; sourceTree = "<group>"; };
		BA3E7E2F1FE46C2700C606AC /* Info.plist */ = {isa = PBXFileReference; lastKnownFileType = text.plist.xml; path = Info.plist; sourceTree = "<group>"; };
		BA3E7E341FE46C2800C606AC /* FrenchQuizAppTests.xctest */ = {isa = PBXFileReference; explicitFileType = wrapper.cfbundle; includeInIndex = 0; path = FrenchQuizAppTests.xctest; sourceTree = BUILT_PRODUCTS_DIR; };
		BA3E7E381FE46C2800C606AC /* FrenchQuizAppTests.swift */ = {isa = PBXFileReference; lastKnownFileType = sourcecode.swift; path = FrenchQuizAppTests.swift; sourceTree = "<group>"; };
		BA3E7E3A1FE46C2800C606AC /* Info.plist */ = {isa = PBXFileReference; lastKnownFileType = text.plist.xml; path = Info.plist; sourceTree = "<group>"; };
		BA3E7E3F1FE46C2800C606AC /* FrenchQuizAppUITests.xctest */ = {isa = PBXFileReference; explicitFileType = wrapper.cfbundle; includeInIndex = 0; path = FrenchQuizAppUITests.xctest; sourceTree = BUILT_PRODUCTS_DIR; };
		BA3E7E431FE46C2800C606AC /* FrenchQuizAppUITests.swift */ = {isa = PBXFileReference; lastKnownFileType = sourcecode.swift; path = FrenchQuizAppUITests.swift; sourceTree = "<group>"; };
		BA3E7E451FE46C2800C606AC /* Info.plist */ = {isa = PBXFileReference; lastKnownFileType = text.plist.xml; path = Info.plist; sourceTree = "<group>"; };
		BA3E7E541FE46CFA00C606AC /* Phrase.swift */ = {isa = PBXFileReference; fileEncoding = 4; lastKnownFileType = sourcecode.swift; path = Phrase.swift; sourceTree = "<group>"; };
		BA3E7E561FE46D0200C606AC /* PhraseQuizViewController.swift */ = {isa = PBXFileReference; fileEncoding = 4; lastKnownFileType = sourcecode.swift; path = PhraseQuizViewController.swift; sourceTree = "<group>"; };
		BA3E7E5A1FE46D0E00C606AC /* AddPhraseViewController.swift */ = {isa = PBXFileReference; fileEncoding = 4; lastKnownFileType = sourcecode.swift; path = AddPhraseViewController.swift; sourceTree = "<group>"; };
		BA3E7E5F1FE476D300C606AC /* FrenchQuizApp.xcdatamodel */ = {isa = PBXFileReference; lastKnownFileType = wrapper.xcdatamodel; path = FrenchQuizApp.xcdatamodel; sourceTree = "<group>"; };
		BA603E1B200415DC00A97490 /* PhraseEditViewController.swift */ = {isa = PBXFileReference; lastKnownFileType = sourcecode.swift; path = PhraseEditViewController.swift; sourceTree = "<group>"; };
		BA7663AB20D7034700D2D6B0 /* Intro.storyboard */ = {isa = PBXFileReference; lastKnownFileType = file.storyboard; path = Intro.storyboard; sourceTree = "<group>"; };
		BA8B4DC1213F382100AFFFD9 /* AddVerbViewController.swift */ = {isa = PBXFileReference; lastKnownFileType = sourcecode.swift; path = AddVerbViewController.swift; sourceTree = "<group>"; };
		BA8B4DC3213F383800AFFFD9 /* VerbEditViewController.swift */ = {isa = PBXFileReference; lastKnownFileType = sourcecode.swift; path = VerbEditViewController.swift; sourceTree = "<group>"; };
		BA8B4DC5213F383E00AFFFD9 /* VerbCell.swift */ = {isa = PBXFileReference; lastKnownFileType = sourcecode.swift; path = VerbCell.swift; sourceTree = "<group>"; };
		BA96465920AA270400BE33E1 /* PhraseCell.swift */ = {isa = PBXFileReference; fileEncoding = 4; lastKnownFileType = sourcecode.swift; path = PhraseCell.swift; sourceTree = "<group>"; };
		BA9F7F1E213DDECB00AB5B54 /* NounCell.swift */ = {isa = PBXFileReference; lastKnownFileType = sourcecode.swift; path = NounCell.swift; sourceTree = "<group>"; };
		BA9F7F20213DE0ED00AB5B54 /* NounEditViewController.swift */ = {isa = PBXFileReference; lastKnownFileType = sourcecode.swift; path = NounEditViewController.swift; sourceTree = "<group>"; };
		BAADADC120A520CB00F96018 /* QuizObject.swift */ = {isa = PBXFileReference; lastKnownFileType = sourcecode.swift; path = QuizObject.swift; sourceTree = "<group>"; };
		BAD2E1A320D889A3003EDF78 /* PhraseTabBarController.swift */ = {isa = PBXFileReference; lastKnownFileType = sourcecode.swift; path = PhraseTabBarController.swift; sourceTree = "<group>"; };
		BAF69CA120C852C600A92DF6 /* StartNavigationViewController.swift */ = {isa = PBXFileReference; lastKnownFileType = sourcecode.swift; path = StartNavigationViewController.swift; sourceTree = "<group>"; };
/* End PBXFileReference section */

/* Begin PBXFrameworksBuildPhase section */
		BA3E7E1A1FE46C2700C606AC /* Frameworks */ = {
			isa = PBXFrameworksBuildPhase;
			buildActionMask = 2147483647;
			files = (
			);
			runOnlyForDeploymentPostprocessing = 0;
		};
		BA3E7E311FE46C2800C606AC /* Frameworks */ = {
			isa = PBXFrameworksBuildPhase;
			buildActionMask = 2147483647;
			files = (
			);
			runOnlyForDeploymentPostprocessing = 0;
		};
		BA3E7E3C1FE46C2800C606AC /* Frameworks */ = {
			isa = PBXFrameworksBuildPhase;
			buildActionMask = 2147483647;
			files = (
			);
			runOnlyForDeploymentPostprocessing = 0;
		};
/* End PBXFrameworksBuildPhase section */

/* Begin PBXGroup section */
		BA12777120ED9CE400D11B77 /* Views */ = {
			isa = PBXGroup;
			children = (
				BA00DB6F20D867CA008635FE /* NounQuizViewController.swift */,
				BA3C6F9520F44145003C248E /* AddNounViewController.swift */,
				BA9F7F20213DE0ED00AB5B54 /* NounEditViewController.swift */,
				BA9F7F1E213DDECB00AB5B54 /* NounCell.swift */,
			);
			path = Views;
			sourceTree = "<group>";
		};
		BA12777220ED9CEA00D11B77 /* Models */ = {
			isa = PBXGroup;
			children = (
				BA12777320ED9D0300D11B77 /* Nouns.swift */,
			);
			path = Models;
			sourceTree = "<group>";
		};
		BA3C6F9420F43F57003C248E /* Resources */ = {
			isa = PBXGroup;
			children = (
				BA00DB6D20D867BB008635FE /* Nouns.storyboard */,
			);
			path = Resources;
			sourceTree = "<group>";
		};
		BA3E7E141FE46C2700C606AC = {
			isa = PBXGroup;
			children = (
				BA3E7E1F1FE46C2700C606AC /* FrenchQuizApp */,
				BA3E7E371FE46C2800C606AC /* FrenchQuizAppTests */,
				BA3E7E421FE46C2800C606AC /* FrenchQuizAppUITests */,
				BA3E7E1E1FE46C2700C606AC /* Products */,
			);
			sourceTree = "<group>";
		};
		BA3E7E1E1FE46C2700C606AC /* Products */ = {
			isa = PBXGroup;
			children = (
				BA3E7E1D1FE46C2700C606AC /* FrenchQuizApp.app */,
				BA3E7E341FE46C2800C606AC /* FrenchQuizAppTests.xctest */,
				BA3E7E3F1FE46C2800C606AC /* FrenchQuizAppUITests.xctest */,
			);
			name = Products;
			sourceTree = "<group>";
		};
		BA3E7E1F1FE46C2700C606AC /* FrenchQuizApp */ = {
			isa = PBXGroup;
			children = (
				BA3E7E2F1FE46C2700C606AC /* Info.plist */,
				BAC7CE1E20D85AC600DBBB7A /* Verbs */,
				BAC7CE1D20D85ABF00DBBB7A /* Nouns */,
				BAC7CE1C20D85AB200DBBB7A /* Phrases */,
				BAC7CE1B20D85AAB00DBBB7A /* Start */,
				BA425A2420A264A5000F490E /* Support Files */,
				BAF69CA020C8529300A92DF6 /* View Controller Extensions */,
			);
			path = FrenchQuizApp;
			sourceTree = "<group>";
		};
		BA3E7E371FE46C2800C606AC /* FrenchQuizAppTests */ = {
			isa = PBXGroup;
			children = (
				BA3E7E381FE46C2800C606AC /* FrenchQuizAppTests.swift */,
				BA3E7E3A1FE46C2800C606AC /* Info.plist */,
			);
			path = FrenchQuizAppTests;
			sourceTree = "<group>";
		};
		BA3E7E421FE46C2800C606AC /* FrenchQuizAppUITests */ = {
			isa = PBXGroup;
			children = (
				BA3E7E431FE46C2800C606AC /* FrenchQuizAppUITests.swift */,
				BA3E7E451FE46C2800C606AC /* Info.plist */,
			);
			path = FrenchQuizAppUITests;
			sourceTree = "<group>";
		};
		BA425A2120A263ED000F490E /* Models */ = {
			isa = PBXGroup;
			children = (
				BA3E7E541FE46CFA00C606AC /* Phrase.swift */,
			);
			path = Models;
			sourceTree = "<group>";
		};
		BA425A2220A263F5000F490E /* Views */ = {
			isa = PBXGroup;
			children = (
				BA3E7E561FE46D0200C606AC /* PhraseQuizViewController.swift */,
				BA3E7E5A1FE46D0E00C606AC /* AddPhraseViewController.swift */,
				BA603E1B200415DC00A97490 /* PhraseEditViewController.swift */,
				BA96465920AA270400BE33E1 /* PhraseCell.swift */,
				BAD2E1A320D889A3003EDF78 /* PhraseTabBarController.swift */,
			);
			path = Views;
			sourceTree = "<group>";
		};
		BA425A2320A26409000F490E /* Resources */ = {
			isa = PBXGroup;
			children = (
				BA3E7E2A1FE46C2700C606AC /* Assets.xcassets */,
				BA3E7E241FE46C2700C606AC /* Phrases.storyboard */,
			);
			path = Resources;
			sourceTree = "<group>";
		};
		BA425A2420A264A5000F490E /* Support Files */ = {
			isa = PBXGroup;
			children = (
				BAADADC120A520CB00F96018 /* QuizObject.swift */,
				BA3E7E5E1FE476D300C606AC /* FrenchQuizApp.xcdatamodeld */,
				BA22CFC6208E46AF009FF14F /* managedData.swift */,
				BA3E7E201FE46C2700C606AC /* AppDelegate.swift */,
			);
			path = "Support Files";
			sourceTree = "<group>";
		};
		BA8B4DBE213F352D00AFFFD9 /* Resources */ = {
			isa = PBXGroup;
			children = (
				BA00DB6B20D867B2008635FE /* Verbs.storyboard */,
			);
			path = Resources;
			sourceTree = "<group>";
		};
		BA8B4DBF213F353B00AFFFD9 /* Views */ = {
			isa = PBXGroup;
			children = (
				BA00DB7120D867DA008635FE /* VerbQuizViewController.swift */,
				BA8B4DC1213F382100AFFFD9 /* AddVerbViewController.swift */,
				BA8B4DC3213F383800AFFFD9 /* VerbEditViewController.swift */,
				BA8B4DC5213F383E00AFFFD9 /* VerbCell.swift */,
			);
			path = Views;
			sourceTree = "<group>";
		};
		BA8B4DC0213F354E00AFFFD9 /* Models */ = {
			isa = PBXGroup;
			children = (
				BA09CD6821449F2A008C7E60 /* Verbs.swift */,
			);
			path = Models;
			sourceTree = "<group>";
		};
		BAC7CE1B20D85AAB00DBBB7A /* Start */ = {
			isa = PBXGroup;
			children = (
				BAC7CE2020D85B3200DBBB7A /* Views */,
				BAC7CE1F20D85B2400DBBB7A /* Resources */,
			);
			path = Start;
			sourceTree = "<group>";
		};
		BAC7CE1C20D85AB200DBBB7A /* Phrases */ = {
			isa = PBXGroup;
			children = (
				BA425A2320A26409000F490E /* Resources */,
				BA425A2220A263F5000F490E /* Views */,
				BA425A2120A263ED000F490E /* Models */,
			);
			path = Phrases;
			sourceTree = "<group>";
		};
		BAC7CE1D20D85ABF00DBBB7A /* Nouns */ = {
			isa = PBXGroup;
			children = (
				BA3C6F9420F43F57003C248E /* Resources */,
				BA12777220ED9CEA00D11B77 /* Models */,
				BA12777120ED9CE400D11B77 /* Views */,
			);
			path = Nouns;
			sourceTree = "<group>";
		};
		BAC7CE1E20D85AC600DBBB7A /* Verbs */ = {
			isa = PBXGroup;
			children = (
				BA8B4DBF213F353B00AFFFD9 /* Views */,
				BA8B4DBE213F352D00AFFFD9 /* Resources */,
				BA8B4DC0213F354E00AFFFD9 /* Models */,
			);
			path = Verbs;
			sourceTree = "<group>";
		};
		BAC7CE1F20D85B2400DBBB7A /* Resources */ = {
			isa = PBXGroup;
			children = (
				BA7663AB20D7034700D2D6B0 /* Intro.storyboard */,
			);
			path = Resources;
			sourceTree = "<group>";
		};
		BAC7CE2020D85B3200DBBB7A /* Views */ = {
			isa = PBXGroup;
			children = (
				BAF69CA120C852C600A92DF6 /* StartNavigationViewController.swift */,
			);
			path = Views;
			sourceTree = "<group>";
		};
		BAF69CA020C8529300A92DF6 /* View Controller Extensions */ = {
			isa = PBXGroup;
			children = (
			);
			path = "View Controller Extensions";
			sourceTree = "<group>";
		};
/* End PBXGroup section */

/* Begin PBXNativeTarget section */
		BA3E7E1C1FE46C2700C606AC /* FrenchQuizApp */ = {
			isa = PBXNativeTarget;
			buildConfigurationList = BA3E7E481FE46C2800C606AC /* Build configuration list for PBXNativeTarget "FrenchQuizApp" */;
			buildPhases = (
				BA3E7E191FE46C2700C606AC /* Sources */,
				BA3E7E1A1FE46C2700C606AC /* Frameworks */,
				BA3E7E1B1FE46C2700C606AC /* Resources */,
			);
			buildRules = (
			);
			dependencies = (
			);
			name = FrenchQuizApp;
			productName = FrenchQuizApp;
			productReference = BA3E7E1D1FE46C2700C606AC /* FrenchQuizApp.app */;
			productType = "com.apple.product-type.application";
		};
		BA3E7E331FE46C2800C606AC /* FrenchQuizAppTests */ = {
			isa = PBXNativeTarget;
			buildConfigurationList = BA3E7E4B1FE46C2800C606AC /* Build configuration list for PBXNativeTarget "FrenchQuizAppTests" */;
			buildPhases = (
				BA3E7E301FE46C2800C606AC /* Sources */,
				BA3E7E311FE46C2800C606AC /* Frameworks */,
				BA3E7E321FE46C2800C606AC /* Resources */,
			);
			buildRules = (
			);
			dependencies = (
				BA3E7E361FE46C2800C606AC /* PBXTargetDependency */,
			);
			name = FrenchQuizAppTests;
			productName = FrenchQuizAppTests;
			productReference = BA3E7E341FE46C2800C606AC /* FrenchQuizAppTests.xctest */;
			productType = "com.apple.product-type.bundle.unit-test";
		};
		BA3E7E3E1FE46C2800C606AC /* FrenchQuizAppUITests */ = {
			isa = PBXNativeTarget;
			buildConfigurationList = BA3E7E4E1FE46C2800C606AC /* Build configuration list for PBXNativeTarget "FrenchQuizAppUITests" */;
			buildPhases = (
				BA3E7E3B1FE46C2800C606AC /* Sources */,
				BA3E7E3C1FE46C2800C606AC /* Frameworks */,
				BA3E7E3D1FE46C2800C606AC /* Resources */,
			);
			buildRules = (
			);
			dependencies = (
				BA3E7E411FE46C2800C606AC /* PBXTargetDependency */,
			);
			name = FrenchQuizAppUITests;
			productName = FrenchQuizAppUITests;
			productReference = BA3E7E3F1FE46C2800C606AC /* FrenchQuizAppUITests.xctest */;
			productType = "com.apple.product-type.bundle.ui-testing";
		};
/* End PBXNativeTarget section */

/* Begin PBXProject section */
		BA3E7E151FE46C2700C606AC /* Project object */ = {
			isa = PBXProject;
			attributes = {
				LastSwiftUpdateCheck = 0900;
				LastUpgradeCheck = 0930;
				ORGANIZATIONNAME = Paxsis;
				TargetAttributes = {
					BA3E7E1C1FE46C2700C606AC = {
						CreatedOnToolsVersion = 9.0.1;
						ProvisioningStyle = Automatic;
					};
					BA3E7E331FE46C2800C606AC = {
						CreatedOnToolsVersion = 9.0.1;
						ProvisioningStyle = Automatic;
						TestTargetID = BA3E7E1C1FE46C2700C606AC;
					};
					BA3E7E3E1FE46C2800C606AC = {
						CreatedOnToolsVersion = 9.0.1;
						ProvisioningStyle = Automatic;
						TestTargetID = BA3E7E1C1FE46C2700C606AC;
					};
				};
			};
			buildConfigurationList = BA3E7E181FE46C2700C606AC /* Build configuration list for PBXProject "FrenchQuizApp" */;
			compatibilityVersion = "Xcode 8.0";
			developmentRegion = en;
			hasScannedForEncodings = 0;
			knownRegions = (
				en,
				Base,
			);
			mainGroup = BA3E7E141FE46C2700C606AC;
			productRefGroup = BA3E7E1E1FE46C2700C606AC /* Products */;
			projectDirPath = "";
			projectRoot = "";
			targets = (
				BA3E7E1C1FE46C2700C606AC /* FrenchQuizApp */,
				BA3E7E331FE46C2800C606AC /* FrenchQuizAppTests */,
				BA3E7E3E1FE46C2800C606AC /* FrenchQuizAppUITests */,
			);
		};
/* End PBXProject section */

/* Begin PBXResourcesBuildPhase section */
		BA3E7E1B1FE46C2700C606AC /* Resources */ = {
			isa = PBXResourcesBuildPhase;
			buildActionMask = 2147483647;
			files = (
				BA3E7E2B1FE46C2700C606AC /* Assets.xcassets in Resources */,
				BA00DB6C20D867B2008635FE /* Verbs.storyboard in Resources */,
				BA3E7E261FE46C2700C606AC /* Phrases.storyboard in Resources */,
				BA00DB6E20D867BB008635FE /* Nouns.storyboard in Resources */,
				BA7663AC20D7034700D2D6B0 /* Intro.storyboard in Resources */,
			);
			runOnlyForDeploymentPostprocessing = 0;
		};
		BA3E7E321FE46C2800C606AC /* Resources */ = {
			isa = PBXResourcesBuildPhase;
			buildActionMask = 2147483647;
			files = (
			);
			runOnlyForDeploymentPostprocessing = 0;
		};
		BA3E7E3D1FE46C2800C606AC /* Resources */ = {
			isa = PBXResourcesBuildPhase;
			buildActionMask = 2147483647;
			files = (
			);
			runOnlyForDeploymentPostprocessing = 0;
		};
/* End PBXResourcesBuildPhase section */

/* Begin PBXSourcesBuildPhase section */
		BA3E7E191FE46C2700C606AC /* Sources */ = {
			isa = PBXSourcesBuildPhase;
			buildActionMask = 2147483647;
			files = (
				BA00DB7220D867DA008635FE /* VerbQuizViewController.swift in Sources */,
				BA9F7F21213DE0ED00AB5B54 /* NounEditViewController.swift in Sources */,
				BA3E7E601FE476D300C606AC /* FrenchQuizApp.xcdatamodeld in Sources */,
				BAF69CA220C852C600A92DF6 /* StartNavigationViewController.swift in Sources */,
				BA12777420ED9D0300D11B77 /* Nouns.swift in Sources */,
				BA22CFC7208E46AF009FF14F /* managedData.swift in Sources */,
				BA3E7E551FE46CFA00C606AC /* Phrase.swift in Sources */,
				BA09CD6921449F2A008C7E60 /* Verbs.swift in Sources */,
				BA603E1C200415DC00A97490 /* PhraseEditViewController.swift in Sources */,
				BA8B4DC6213F383E00AFFFD9 /* VerbCell.swift in Sources */,
				BA3C6F9620F44145003C248E /* AddNounViewController.swift in Sources */,
				BA3E7E211FE46C2700C606AC /* AppDelegate.swift in Sources */,
				BA9F7F1F213DDECB00AB5B54 /* NounCell.swift in Sources */,
				BA3E7E5B1FE46D0E00C606AC /* AddPhraseViewController.swift in Sources */,
				BA96465A20AA270400BE33E1 /* PhraseCell.swift in Sources */,
				BAADADC220A520CB00F96018 /* QuizObject.swift in Sources */,
				BA8B4DC4213F383800AFFFD9 /* VerbEditViewController.swift in Sources */,
				BAD2E1A420D889A3003EDF78 /* PhraseTabBarController.swift in Sources */,
				BA8B4DC2213F382100AFFFD9 /* AddVerbViewController.swift in Sources */,
				BA3E7E571FE46D0200C606AC /* PhraseQuizViewController.swift in Sources */,
				BA00DB7020D867CA008635FE /* NounQuizViewController.swift in Sources */,
			);
			runOnlyForDeploymentPostprocessing = 0;
		};
		BA3E7E301FE46C2800C606AC /* Sources */ = {
			isa = PBXSourcesBuildPhase;
			buildActionMask = 2147483647;
			files = (
				BA3E7E391FE46C2800C606AC /* FrenchQuizAppTests.swift in Sources */,
			);
			runOnlyForDeploymentPostprocessing = 0;
		};
		BA3E7E3B1FE46C2800C606AC /* Sources */ = {
			isa = PBXSourcesBuildPhase;
			buildActionMask = 2147483647;
			files = (
				BA3E7E441FE46C2800C606AC /* FrenchQuizAppUITests.swift in Sources */,
			);
			runOnlyForDeploymentPostprocessing = 0;
		};
/* End PBXSourcesBuildPhase section */

/* Begin PBXTargetDependency section */
		BA3E7E361FE46C2800C606AC /* PBXTargetDependency */ = {
			isa = PBXTargetDependency;
			target = BA3E7E1C1FE46C2700C606AC /* FrenchQuizApp */;
			targetProxy = BA3E7E351FE46C2800C606AC /* PBXContainerItemProxy */;
		};
		BA3E7E411FE46C2800C606AC /* PBXTargetDependency */ = {
			isa = PBXTargetDependency;
			target = BA3E7E1C1FE46C2700C606AC /* FrenchQuizApp */;
			targetProxy = BA3E7E401FE46C2800C606AC /* PBXContainerItemProxy */;
		};
/* End PBXTargetDependency section */

/* Begin PBXVariantGroup section */
		BA3E7E241FE46C2700C606AC /* Phrases.storyboard */ = {
			isa = PBXVariantGroup;
			children = (
				BA3E7E251FE46C2700C606AC /* Base */,
			);
			name = Phrases.storyboard;
			sourceTree = "<group>";
		};
/* End PBXVariantGroup section */

/* Begin XCBuildConfiguration section */
		BA3E7E461FE46C2800C606AC /* Debug */ = {
			isa = XCBuildConfiguration;
			buildSettings = {
				ALWAYS_SEARCH_USER_PATHS = NO;
				CLANG_ANALYZER_NONNULL = YES;
				CLANG_ANALYZER_NUMBER_OBJECT_CONVERSION = YES_AGGRESSIVE;
				CLANG_CXX_LANGUAGE_STANDARD = "gnu++14";
				CLANG_CXX_LIBRARY = "libc++";
				CLANG_ENABLE_MODULES = YES;
				CLANG_ENABLE_OBJC_ARC = YES;
				CLANG_WARN_BLOCK_CAPTURE_AUTORELEASING = YES;
				CLANG_WARN_BOOL_CONVERSION = YES;
				CLANG_WARN_COMMA = YES;
				CLANG_WARN_CONSTANT_CONVERSION = YES;
				CLANG_WARN_DEPRECATED_OBJC_IMPLEMENTATIONS = YES;
				CLANG_WARN_DIRECT_OBJC_ISA_USAGE = YES_ERROR;
				CLANG_WARN_DOCUMENTATION_COMMENTS = YES;
				CLANG_WARN_EMPTY_BODY = YES;
				CLANG_WARN_ENUM_CONVERSION = YES;
				CLANG_WARN_INFINITE_RECURSION = YES;
				CLANG_WARN_INT_CONVERSION = YES;
				CLANG_WARN_NON_LITERAL_NULL_CONVERSION = YES;
				CLANG_WARN_OBJC_IMPLICIT_RETAIN_SELF = YES;
				CLANG_WARN_OBJC_LITERAL_CONVERSION = YES;
				CLANG_WARN_OBJC_ROOT_CLASS = YES_ERROR;
				CLANG_WARN_RANGE_LOOP_ANALYSIS = YES;
				CLANG_WARN_STRICT_PROTOTYPES = YES;
				CLANG_WARN_SUSPICIOUS_MOVE = YES;
				CLANG_WARN_UNGUARDED_AVAILABILITY = YES_AGGRESSIVE;
				CLANG_WARN_UNREACHABLE_CODE = YES;
				CLANG_WARN__DUPLICATE_METHOD_MATCH = YES;
				CODE_SIGN_IDENTITY = "iPhone Developer";
				COPY_PHASE_STRIP = NO;
				DEBUG_INFORMATION_FORMAT = dwarf;
				ENABLE_STRICT_OBJC_MSGSEND = YES;
				ENABLE_TESTABILITY = YES;
				GCC_C_LANGUAGE_STANDARD = gnu11;
				GCC_DYNAMIC_NO_PIC = NO;
				GCC_NO_COMMON_BLOCKS = YES;
				GCC_OPTIMIZATION_LEVEL = 0;
				GCC_PREPROCESSOR_DEFINITIONS = (
					"DEBUG=1",
					"$(inherited)",
				);
				GCC_WARN_64_TO_32_BIT_CONVERSION = YES;
				GCC_WARN_ABOUT_RETURN_TYPE = YES_ERROR;
				GCC_WARN_UNDECLARED_SELECTOR = YES;
				GCC_WARN_UNINITIALIZED_AUTOS = YES_AGGRESSIVE;
				GCC_WARN_UNUSED_FUNCTION = YES;
				GCC_WARN_UNUSED_VARIABLE = YES;
				IPHONEOS_DEPLOYMENT_TARGET = 11.0;
				MTL_ENABLE_DEBUG_INFO = YES;
				ONLY_ACTIVE_ARCH = YES;
				SDKROOT = iphoneos;
				SWIFT_ACTIVE_COMPILATION_CONDITIONS = DEBUG;
				SWIFT_OPTIMIZATION_LEVEL = "-Onone";
			};
			name = Debug;
		};
		BA3E7E471FE46C2800C606AC /* Release */ = {
			isa = XCBuildConfiguration;
			buildSettings = {
				ALWAYS_SEARCH_USER_PATHS = NO;
				CLANG_ANALYZER_NONNULL = YES;
				CLANG_ANALYZER_NUMBER_OBJECT_CONVERSION = YES_AGGRESSIVE;
				CLANG_CXX_LANGUAGE_STANDARD = "gnu++14";
				CLANG_CXX_LIBRARY = "libc++";
				CLANG_ENABLE_MODULES = YES;
				CLANG_ENABLE_OBJC_ARC = YES;
				CLANG_WARN_BLOCK_CAPTURE_AUTORELEASING = YES;
				CLANG_WARN_BOOL_CONVERSION = YES;
				CLANG_WARN_COMMA = YES;
				CLANG_WARN_CONSTANT_CONVERSION = YES;
				CLANG_WARN_DEPRECATED_OBJC_IMPLEMENTATIONS = YES;
				CLANG_WARN_DIRECT_OBJC_ISA_USAGE = YES_ERROR;
				CLANG_WARN_DOCUMENTATION_COMMENTS = YES;
				CLANG_WARN_EMPTY_BODY = YES;
				CLANG_WARN_ENUM_CONVERSION = YES;
				CLANG_WARN_INFINITE_RECURSION = YES;
				CLANG_WARN_INT_CONVERSION = YES;
				CLANG_WARN_NON_LITERAL_NULL_CONVERSION = YES;
				CLANG_WARN_OBJC_IMPLICIT_RETAIN_SELF = YES;
				CLANG_WARN_OBJC_LITERAL_CONVERSION = YES;
				CLANG_WARN_OBJC_ROOT_CLASS = YES_ERROR;
				CLANG_WARN_RANGE_LOOP_ANALYSIS = YES;
				CLANG_WARN_STRICT_PROTOTYPES = YES;
				CLANG_WARN_SUSPICIOUS_MOVE = YES;
				CLANG_WARN_UNGUARDED_AVAILABILITY = YES_AGGRESSIVE;
				CLANG_WARN_UNREACHABLE_CODE = YES;
				CLANG_WARN__DUPLICATE_METHOD_MATCH = YES;
				CODE_SIGN_IDENTITY = "iPhone Developer";
				COPY_PHASE_STRIP = NO;
				DEBUG_INFORMATION_FORMAT = "dwarf-with-dsym";
				ENABLE_NS_ASSERTIONS = NO;
				ENABLE_STRICT_OBJC_MSGSEND = YES;
				GCC_C_LANGUAGE_STANDARD = gnu11;
				GCC_NO_COMMON_BLOCKS = YES;
				GCC_WARN_64_TO_32_BIT_CONVERSION = YES;
				GCC_WARN_ABOUT_RETURN_TYPE = YES_ERROR;
				GCC_WARN_UNDECLARED_SELECTOR = YES;
				GCC_WARN_UNINITIALIZED_AUTOS = YES_AGGRESSIVE;
				GCC_WARN_UNUSED_FUNCTION = YES;
				GCC_WARN_UNUSED_VARIABLE = YES;
				IPHONEOS_DEPLOYMENT_TARGET = 11.0;
				MTL_ENABLE_DEBUG_INFO = NO;
				SDKROOT = iphoneos;
				SWIFT_OPTIMIZATION_LEVEL = "-Owholemodule";
				VALIDATE_PRODUCT = YES;
			};
			name = Release;
		};
		BA3E7E491FE46C2800C606AC /* Debug */ = {
			isa = XCBuildConfiguration;
			buildSettings = {
				ASSETCATALOG_COMPILER_APPICON_NAME = AppIcon;
				CODE_SIGN_STYLE = Automatic;
				DEVELOPMENT_TEAM = 96BN6Y34VN;
				INFOPLIST_FILE = FrenchQuizApp/Info.plist;
				LD_RUNPATH_SEARCH_PATHS = "$(inherited) @executable_path/Frameworks";
				PRODUCT_BUNDLE_IDENTIFIER = Paxsis.FrenchQuizApp;
				PRODUCT_NAME = "$(TARGET_NAME)";
				SWIFT_VERSION = 4.0;
				TARGETED_DEVICE_FAMILY = "1,2";
			};
			name = Debug;
		};
		BA3E7E4A1FE46C2800C606AC /* Release */ = {
			isa = XCBuildConfiguration;
			buildSettings = {
				ASSETCATALOG_COMPILER_APPICON_NAME = AppIcon;
				CODE_SIGN_STYLE = Automatic;
				DEVELOPMENT_TEAM = 96BN6Y34VN;
				INFOPLIST_FILE = FrenchQuizApp/Info.plist;
				LD_RUNPATH_SEARCH_PATHS = "$(inherited) @executable_path/Frameworks";
				PRODUCT_BUNDLE_IDENTIFIER = Paxsis.FrenchQuizApp;
				PRODUCT_NAME = "$(TARGET_NAME)";
				SWIFT_VERSION = 4.0;
				TARGETED_DEVICE_FAMILY = "1,2";
			};
			name = Release;
		};
		BA3E7E4C1FE46C2800C606AC /* Debug */ = {
			isa = XCBuildConfiguration;
			buildSettings = {
				ALWAYS_EMBED_SWIFT_STANDARD_LIBRARIES = YES;
				BUNDLE_LOADER = "$(TEST_HOST)";
				CODE_SIGN_STYLE = Automatic;
				INFOPLIST_FILE = FrenchQuizAppTests/Info.plist;
				LD_RUNPATH_SEARCH_PATHS = "$(inherited) @executable_path/Frameworks @loader_path/Frameworks";
				PRODUCT_BUNDLE_IDENTIFIER = Paxsis.FrenchQuizAppTests;
				PRODUCT_NAME = "$(TARGET_NAME)";
				SWIFT_VERSION = 4.0;
				TARGETED_DEVICE_FAMILY = "1,2";
				TEST_HOST = "$(BUILT_PRODUCTS_DIR)/FrenchQuizApp.app/FrenchQuizApp";
			};
			name = Debug;
		};
		BA3E7E4D1FE46C2800C606AC /* Release */ = {
			isa = XCBuildConfiguration;
			buildSettings = {
				ALWAYS_EMBED_SWIFT_STANDARD_LIBRARIES = YES;
				BUNDLE_LOADER = "$(TEST_HOST)";
				CODE_SIGN_STYLE = Automatic;
				INFOPLIST_FILE = FrenchQuizAppTests/Info.plist;
				LD_RUNPATH_SEARCH_PATHS = "$(inherited) @executable_path/Frameworks @loader_path/Frameworks";
				PRODUCT_BUNDLE_IDENTIFIER = Paxsis.FrenchQuizAppTests;
				PRODUCT_NAME = "$(TARGET_NAME)";
				SWIFT_VERSION = 4.0;
				TARGETED_DEVICE_FAMILY = "1,2";
				TEST_HOST = "$(BUILT_PRODUCTS_DIR)/FrenchQuizApp.app/FrenchQuizApp";
			};
			name = Release;
		};
		BA3E7E4F1FE46C2800C606AC /* Debug */ = {
			isa = XCBuildConfiguration;
			buildSettings = {
				ALWAYS_EMBED_SWIFT_STANDARD_LIBRARIES = YES;
				CODE_SIGN_STYLE = Automatic;
				INFOPLIST_FILE = FrenchQuizAppUITests/Info.plist;
				LD_RUNPATH_SEARCH_PATHS = "$(inherited) @executable_path/Frameworks @loader_path/Frameworks";
				PRODUCT_BUNDLE_IDENTIFIER = Paxsis.FrenchQuizAppUITests;
				PRODUCT_NAME = "$(TARGET_NAME)";
				SWIFT_VERSION = 4.0;
				TARGETED_DEVICE_FAMILY = "1,2";
				TEST_TARGET_NAME = FrenchQuizApp;
			};
			name = Debug;
		};
		BA3E7E501FE46C2800C606AC /* Release */ = {
			isa = XCBuildConfiguration;
			buildSettings = {
				ALWAYS_EMBED_SWIFT_STANDARD_LIBRARIES = YES;
				CODE_SIGN_STYLE = Automatic;
				INFOPLIST_FILE = FrenchQuizAppUITests/Info.plist;
				LD_RUNPATH_SEARCH_PATHS = "$(inherited) @executable_path/Frameworks @loader_path/Frameworks";
				PRODUCT_BUNDLE_IDENTIFIER = Paxsis.FrenchQuizAppUITests;
				PRODUCT_NAME = "$(TARGET_NAME)";
				SWIFT_VERSION = 4.0;
				TARGETED_DEVICE_FAMILY = "1,2";
				TEST_TARGET_NAME = FrenchQuizApp;
			};
			name = Release;
		};
/* End XCBuildConfiguration section */

/* Begin XCConfigurationList section */
		BA3E7E181FE46C2700C606AC /* Build configuration list for PBXProject "FrenchQuizApp" */ = {
			isa = XCConfigurationList;
			buildConfigurations = (
				BA3E7E461FE46C2800C606AC /* Debug */,
				BA3E7E471FE46C2800C606AC /* Release */,
			);
			defaultConfigurationIsVisible = 0;
			defaultConfigurationName = Release;
		};
		BA3E7E481FE46C2800C606AC /* Build configuration list for PBXNativeTarget "FrenchQuizApp" */ = {
			isa = XCConfigurationList;
			buildConfigurations = (
				BA3E7E491FE46C2800C606AC /* Debug */,
				BA3E7E4A1FE46C2800C606AC /* Release */,
			);
			defaultConfigurationIsVisible = 0;
			defaultConfigurationName = Release;
		};
		BA3E7E4B1FE46C2800C606AC /* Build configuration list for PBXNativeTarget "FrenchQuizAppTests" */ = {
			isa = XCConfigurationList;
			buildConfigurations = (
				BA3E7E4C1FE46C2800C606AC /* Debug */,
				BA3E7E4D1FE46C2800C606AC /* Release */,
			);
			defaultConfigurationIsVisible = 0;
			defaultConfigurationName = Release;
		};
		BA3E7E4E1FE46C2800C606AC /* Build configuration list for PBXNativeTarget "FrenchQuizAppUITests" */ = {
			isa = XCConfigurationList;
			buildConfigurations = (
				BA3E7E4F1FE46C2800C606AC /* Debug */,
				BA3E7E501FE46C2800C606AC /* Release */,
			);
			defaultConfigurationIsVisible = 0;
			defaultConfigurationName = Release;
		};
/* End XCConfigurationList section */

/* Begin XCVersionGroup section */
		BA3E7E5E1FE476D300C606AC /* FrenchQuizApp.xcdatamodeld */ = {
			isa = XCVersionGroup;
			children = (
				BA3E7E5F1FE476D300C606AC /* FrenchQuizApp.xcdatamodel */,
			);
			currentVersion = BA3E7E5F1FE476D300C606AC /* FrenchQuizApp.xcdatamodel */;
			path = FrenchQuizApp.xcdatamodeld;
			sourceTree = "<group>";
			versionGroupType = wrapper.xcdatamodel;
		};
/* End XCVersionGroup section */
	};
	rootObject = BA3E7E151FE46C2700C606AC /* Project object */;
}
